
Microsoft Visual Studio Solution File, Format Version 12.00
# Visual Studio Version 17
VisualStudioVersion = 17.7.34009.444
MinimumVisualStudioVersion = 10.0.40219.1
Project("{FAE04EC0-301F-11D3-BF4B-00C04F79EFBC}") = "FIT5032_assignment", "FIT5032_assignment\FIT5032_assignment.csproj", "{C9DADF28-5551-41F4-83A0-3C10CCD8A543}"
EndProject
Global
	GlobalSection(SolutionConfigurationPlatforms) = preSolution
		Debug|Any CPU = Debug|Any CPU
		Release|Any CPU = Release|Any CPU
	EndGlobalSection
	GlobalSection(ProjectConfigurationPlatforms) = postSolution
		{C9DADF28-5551-41F4-83A0-3C10CCD8A543}.Debug|Any CPU.ActiveCfg = Debug|Any CPU
		{C9DADF28-5551-41F4-83A0-3C10CCD8A543}.Debug|Any CPU.Build.0 = Debug|Any CPU
		{C9DADF28-5551-41F4-83A0-3C10CCD8A543}.Release|Any CPU.ActiveCfg = Release|Any CPU
		{C9DADF28-5551-41F4-83A0-3C10CCD8A543}.Release|Any CPU.Build.0 = Release|Any CPU
	EndGlobalSection
	GlobalSection(SolutionProperties) = preSolution
		HideSolutionNode = FALSE
	EndGlobalSection
	GlobalSection(ExtensibilityGlobals) = postSolution
		SolutionGuid = {5A94FA47-752D-4DFF-BC80-D41690403F0D}
	EndGlobalSection
EndGlobal
